{
  "nodes": {
    "gen-graph": {
      "inputs": {
        "gen-prelude": [
          "gen-prelude"
        ]
      },
      "locked": {
        "lastModified": 1790209786,
        "narHash": "sha256-bs6KF+JLBFwmG90i+h9CBautXNoij03UcS48mVTpHGA=",
        "owner": "sini",
        "repo": "gen-graph",
        "rev": "cfc2a90d7b2a80bc73bb131748763638493c762c",
        "type": "github"
      },
      "original": {
        "owner": "sini",
        "repo": "gen-graph",
        "type": "github"
      }
    },
    "gen-prelude": {
      "locked": {
        "lastModified": 1790183816,
        "narHash": "sha256-01QjQNph1+7MSUpYK4D/UeJE/Mv8fOEklfs4Wec+ILU=",
        "owner": "sini",
        "repo": "gen-prelude",
        "rev": "55851c81448209c3e2df3368cd153da2f01a039f",
        "type": "github"
      },
      "original": {
        "owner": "sini",
        "repo": "gen-prelude",
        "type": "github"
      }
    },
    "root": {
      "inputs": {
        "gen-graph": "gen-graph",
        "gen-prelude": "gen-prelude"
      }
    }
  },
  "root": "root",
  "version": 7
}
