{
  "nodes": {
    "gen-graph": {
      "inputs": {
        "gen-prelude": [
          "gen-prelude"
        ]
      },
      "locked": {
        "lastModified": 1790420614,
        "narHash": "sha256-2CpZbxEJzoxe5KhrCvfVya6VyJQI7rSdADhXBBEeAxU=",
        "owner": "sini",
        "repo": "gen-graph",
        "rev": "cbdfdf9a524a4d20754fcda70786d4c53f64cf3b",
        "type": "github"
      },
      "original": {
        "owner": "sini",
        "repo": "gen-graph",
        "type": "github"
      }
    },
    "gen-prelude": {
      "locked": {
        "lastModified": 1790400060,
        "narHash": "sha256-xV60UUmW4PestZZkucUwp7JucXu0ayv2P9SRAo151W0=",
        "owner": "sini",
        "repo": "gen-prelude",
        "rev": "fd50b6239d8272eb3b3cf8659941c6061c9fd756",
        "type": "github"
      },
      "original": {
        "owner": "sini",
        "repo": "gen-prelude",
        "type": "github"
      }
    },
    "root": {
      "inputs": {
        "gen-graph": "gen-graph",
        "gen-prelude": "gen-prelude"
      }
    }
  },
  "root": "root",
  "version": 7
}
