{
  "nodes": {
    "gen-graph": {
      "inputs": {
        "gen-prelude": [
          "gen-prelude"
        ]
      },
      "locked": {
        "lastModified": 1791297501,
        "narHash": "sha256-rkKtEf3GIgLM+PnzAtVoJ8fWLKjRBpsCFsoU4NCUGvQ=",
        "owner": "sini",
        "repo": "gen-graph",
        "rev": "23674e750c76a31596be263980112e3b9b0d2877",
        "type": "github"
      },
      "original": {
        "owner": "sini",
        "repo": "gen-graph",
        "type": "github"
      }
    },
    "gen-prelude": {
      "locked": {
        "lastModified": 1791297378,
        "narHash": "sha256-B0VQf9nrqUVbBLePwr8QD6X7/hd0Ey+/eO9eXI+vef8=",
        "owner": "sini",
        "repo": "gen-prelude",
        "rev": "da7dcf4e7969c1dd4cab129eb94432c80d32e9aa",
        "type": "github"
      },
      "original": {
        "owner": "sini",
        "repo": "gen-prelude",
        "type": "github"
      }
    },
    "root": {
      "inputs": {
        "gen-graph": "gen-graph",
        "gen-prelude": "gen-prelude"
      }
    }
  },
  "root": "root",
  "version": 7
}
