{
  "nodes": {
    "devshell": {
      "inputs": {
        "nixpkgs": [
          "gen-harness",
          "nixpkgs"
        ]
      },
      "locked": {
        "lastModified": 1768818222,
        "narHash": "sha256-460jc0+CZfyaO8+w8JNtlClB2n4ui1RbHfPTLkpwhU8=",
        "owner": "numtide",
        "repo": "devshell",
        "rev": "255a2b1725a20d060f566e4755dbf571bbbb5f76",
        "type": "github"
      },
      "original": {
        "owner": "numtide",
        "repo": "devshell",
        "type": "github"
      }
    },
    "flake-compat": {
      "flake": false,
      "locked": {
        "lastModified": 1767039857,
        "narHash": "sha256-vNpUSpF5Nuw8xvDLj2KCwwksIbjua2LZCqhV1LNRDns=",
        "owner": "NixOS",
        "repo": "flake-compat",
        "rev": "5edf11c44bc78a0d334f6334cdaf7d60d732daab",
        "type": "github"
      },
      "original": {
        "owner": "NixOS",
        "repo": "flake-compat",
        "type": "github"
      }
    },
    "flake-parts": {
      "inputs": {
        "nixpkgs-lib": "nixpkgs-lib"
      },
      "locked": {
        "lastModified": 1785627969,
        "narHash": "sha256-4dtXQk/NMePegK/nWp5NSeuZKLATItOq61lpEvmXqGw=",
        "owner": "hercules-ci",
        "repo": "flake-parts",
        "rev": "427bf4bd9435fdf21321c8cc628c24efc14c0f7a",
        "type": "github"
      },
      "original": {
        "owner": "hercules-ci",
        "repo": "flake-parts",
        "type": "github"
      }
    },
    "flake-root": {
      "locked": {
        "lastModified": 1723604017,
        "narHash": "sha256-rBtQ8gg+Dn4Sx/s+pvjdq3CB2wQNzx9XGFq/JVGCB6k=",
        "owner": "srid",
        "repo": "flake-root",
        "rev": "b759a56851e10cb13f6b8e5698af7b59c44be26e",
        "type": "github"
      },
      "original": {
        "owner": "srid",
        "repo": "flake-root",
        "type": "github"
      }
    },
    "gen-algebra": {
      "locked": {
        "lastModified": 1782521734,
        "narHash": "sha256-BU6HndNta7WDB51AKjBFYNOxFhp5rJPOumjMkQVKzSM=",
        "owner": "sini",
        "repo": "gen-algebra",
        "rev": "aaffd3f073715bd4ac47d3f78123a9882a328bfa",
        "type": "github"
      },
      "original": {
        "owner": "sini",
        "repo": "gen-algebra",
        "type": "github"
      }
    },
    "gen-graph": {
      "inputs": {
        "gen-prelude": [
          "gen-prelude"
        ]
      },
      "locked": {
        "lastModified": 1788415854,
        "narHash": "sha256-DGpDXE9sLD5Y7OQ+l+OoAMFpQyClxDCZ5ggrajtv1xM=",
        "owner": "sini",
        "repo": "gen-graph",
        "rev": "7238602535c3ee65033306e4d16bdfcbc95dd980",
        "type": "github"
      },
      "original": {
        "owner": "sini",
        "repo": "gen-graph",
        "type": "github"
      }
    },
    "gen-harness": {
      "inputs": {
        "devshell": "devshell",
        "flake-parts": "flake-parts",
        "flake-root": "flake-root",
        "git-hooks-nix": "git-hooks-nix",
        "import-tree": "import-tree",
        "nix-unit": "nix-unit",
        "nixpkgs": "nixpkgs",
        "treefmt-nix": "treefmt-nix_2"
      },
      "locked": {
        "lastModified": 1788235312,
        "narHash": "sha256-gGFOT5RVGAhRzVMgydTYfwzkrk2/vK+K6gP5n4h4sQA=",
        "owner": "sini",
        "repo": "gen-harness",
        "rev": "172f9d6a3c80f104e056c2bee5d1da26e675cb18",
        "type": "github"
      },
      "original": {
        "owner": "sini",
        "repo": "gen-harness",
        "type": "github"
      }
    },
    "gen-identity": {
      "locked": {
        "lastModified": 1787248094,
        "narHash": "sha256-FfBRtY/lnemVU5WZEXRsSwjEjs3PqYCSQU7LKL6qeak=",
        "owner": "sini",
        "repo": "gen-identity",
        "rev": "58c114cb76329fc5a6bb3ee0d29a34f63efc2030",
        "type": "github"
      },
      "original": {
        "owner": "sini",
        "repo": "gen-identity",
        "type": "github"
      }
    },
    "gen-merge": {
      "inputs": {
        "gen-prelude": "gen-prelude_2",
        "gen-types": "gen-types"
      },
      "locked": {
        "lastModified": 1785114420,
        "narHash": "sha256-znkcgWdj2DKf2VBrDKmTT2MwjlzAcbeKdh2shU1b5Rw=",
        "owner": "sini",
        "repo": "gen-merge",
        "rev": "8daa25deb482b184d1a040ae36182ca7332e94a9",
        "type": "github"
      },
      "original": {
        "owner": "sini",
        "repo": "gen-merge",
        "type": "github"
      }
    },
    "gen-prelude": {
      "locked": {
        "lastModified": 1787968200,
        "narHash": "sha256-XwmviXKCL7ipCmWqsOSWdpiJR+0v4ZpLS1AccBmo5Oo=",
        "owner": "sini",
        "repo": "gen-prelude",
        "rev": "a05779bfec555e78a0ccd6a8896dfb82036b08cb",
        "type": "github"
      },
      "original": {
        "owner": "sini",
        "repo": "gen-prelude",
        "type": "github"
      }
    },
    "gen-prelude_2": {
      "locked": {
        "lastModified": 1783016618,
        "narHash": "sha256-J08Ao7Gr5M3cHwHJ1jGeKXjKK2AGol5PuWid8VhqMT4=",
        "owner": "sini",
        "repo": "gen-prelude",
        "rev": "62c2500777dc6854b3777d47303d0858ce0f1bb1",
        "type": "github"
      },
      "original": {
        "owner": "sini",
        "repo": "gen-prelude",
        "type": "github"
      }
    },
    "gen-prelude_3": {
      "locked": {
        "lastModified": 1783016618,
        "narHash": "sha256-J08Ao7Gr5M3cHwHJ1jGeKXjKK2AGol5PuWid8VhqMT4=",
        "owner": "sini",
        "repo": "gen-prelude",
        "rev": "62c2500777dc6854b3777d47303d0858ce0f1bb1",
        "type": "github"
      },
      "original": {
        "owner": "sini",
        "repo": "gen-prelude",
        "type": "github"
      }
    },
    "gen-prelude_4": {
      "locked": {
        "lastModified": 1783016618,
        "narHash": "sha256-J08Ao7Gr5M3cHwHJ1jGeKXjKK2AGol5PuWid8VhqMT4=",
        "owner": "sini",
        "repo": "gen-prelude",
        "rev": "62c2500777dc6854b3777d47303d0858ce0f1bb1",
        "type": "github"
      },
      "original": {
        "owner": "sini",
        "repo": "gen-prelude",
        "type": "github"
      }
    },
    "gen-schema": {
      "inputs": {
        "gen-algebra": "gen-algebra",
        "gen-merge": "gen-merge",
        "gen-prelude": [
          "gen-scope",
          "gen-prelude"
        ],
        "gen-types": "gen-types_2"
      },
      "locked": {
        "lastModified": 1786568225,
        "narHash": "sha256-ErS746uWH0yyXgs/6ecVKR6d7OBaSo4GYog4win1zvo=",
        "owner": "sini",
        "repo": "gen-schema",
        "rev": "df44ed66fae82f6ac574b0db2634c1f1f95649a8",
        "type": "github"
      },
      "original": {
        "owner": "sini",
        "repo": "gen-schema",
        "type": "github"
      }
    },
    "gen-scope": {
      "inputs": {
        "gen-graph": [
          "gen-graph"
        ],
        "gen-identity": "gen-identity",
        "gen-prelude": [
          "gen-prelude"
        ],
        "gen-schema": "gen-schema"
      },
      "locked": {
        "lastModified": 1787413416,
        "narHash": "sha256-n0SbtIqE2gk4kIFgz05BWMMTJ/O8w/On3CMINfeDn4I=",
        "owner": "sini",
        "repo": "gen-scope",
        "rev": "6984433ba18d18dca455da5919c82e4e34d67827",
        "type": "github"
      },
      "original": {
        "owner": "sini",
        "repo": "gen-scope",
        "type": "github"
      }
    },
    "gen-types": {
      "inputs": {
        "gen-prelude": "gen-prelude_3"
      },
      "locked": {
        "lastModified": 1783025858,
        "narHash": "sha256-2n4u0VYxvV5deZ3/NTYoFUAjsZOL3os7OLdWQN/3cYU=",
        "owner": "sini",
        "repo": "gen-types",
        "rev": "887ad871d13f3baeb168a8cb5503b39737fe947b",
        "type": "github"
      },
      "original": {
        "owner": "sini",
        "repo": "gen-types",
        "type": "github"
      }
    },
    "gen-types_2": {
      "inputs": {
        "gen-prelude": "gen-prelude_4"
      },
      "locked": {
        "lastModified": 1783025858,
        "narHash": "sha256-2n4u0VYxvV5deZ3/NTYoFUAjsZOL3os7OLdWQN/3cYU=",
        "owner": "sini",
        "repo": "gen-types",
        "rev": "887ad871d13f3baeb168a8cb5503b39737fe947b",
        "type": "github"
      },
      "original": {
        "owner": "sini",
        "repo": "gen-types",
        "type": "github"
      }
    },
    "git-hooks-nix": {
      "inputs": {
        "flake-compat": "flake-compat",
        "nixpkgs": [
          "gen-harness",
          "nixpkgs"
        ]
      },
      "locked": {
        "lastModified": 1784288435,
        "narHash": "sha256-ReRHaLgr/uVqdD8afFSn+myXIfpHeOhP0yYe0TJqAA8=",
        "owner": "cachix",
        "repo": "git-hooks.nix",
        "rev": "43b3c1ab9d40fb1dbb008f451988a91e375825e9",
        "type": "github"
      },
      "original": {
        "owner": "cachix",
        "repo": "git-hooks.nix",
        "type": "github"
      }
    },
    "import-tree": {
      "locked": {
        "lastModified": 1749958812,
        "narHash": "sha256-zdo2CwxdUK3FpQjLBjkJnXvl7OPoTpjdW5OvOzQffoQ=",
        "owner": "sini",
        "repo": "import-tree",
        "rev": "6fcfa909614de6dd6c712db8229b8c0261791e39",
        "type": "github"
      },
      "original": {
        "owner": "sini",
        "repo": "import-tree",
        "type": "github"
      }
    },
    "nix-github-actions": {
      "inputs": {
        "nixpkgs": [
          "gen-harness",
          "nix-unit",
          "nixpkgs"
        ]
      },
      "locked": {
        "lastModified": 1737420293,
        "narHash": "sha256-F1G5ifvqTpJq7fdkT34e/Jy9VCyzd5XfJ9TO8fHhJWE=",
        "owner": "nix-community",
        "repo": "nix-github-actions",
        "rev": "f4158fa080ef4503c8f4c820967d946c2af31ec9",
        "type": "github"
      },
      "original": {
        "owner": "nix-community",
        "repo": "nix-github-actions",
        "type": "github"
      }
    },
    "nix-unit": {
      "inputs": {
        "nix-github-actions": "nix-github-actions",
        "nixpkgs": [
          "gen-harness",
          "nixpkgs"
        ],
        "treefmt-nix": "treefmt-nix"
      },
      "locked": {
        "lastModified": 1784925540,
        "narHash": "sha256-11IOL5tyJbB3vMQzzhIULuPtoHJpkLFz4BaKApm6t0Q=",
        "owner": "nix-community",
        "repo": "nix-unit",
        "rev": "b3d16367c54621fd073aa8c1dd510042f771f624",
        "type": "github"
      },
      "original": {
        "owner": "nix-community",
        "repo": "nix-unit",
        "type": "github"
      }
    },
    "nixpkgs": {
      "locked": {
        "lastModified": 1786384358,
        "narHash": "sha256-OETwiymkMwunF+pfL25DzLMF2/YpMcJUjVd9qZ0YdsM=",
        "rev": "2fcb964de67fcf60b43471c55d5d99e61a9ccb5a",
        "type": "tarball",
        "url": "https://releases.nixos.org/nixos/unstable/nixos-26.11pre1051473.2fcb964de67f/nixexprs.tar.xz"
      },
      "original": {
        "type": "tarball",
        "url": "https://channels.nixos.org/nixos-unstable/nixexprs.tar.xz"
      }
    },
    "nixpkgs-lib": {
      "locked": {
        "lastModified": 1785031560,
        "narHash": "sha256-OmshNvn2vupOFpYinLUu+1Dnpu4n7Q5N3ggGVNHpkUI=",
        "owner": "nix-community",
        "repo": "nixpkgs.lib",
        "rev": "0e79af5e3d4dcfcd676ab5ba3f95d2e3352e078c",
        "type": "github"
      },
      "original": {
        "owner": "nix-community",
        "repo": "nixpkgs.lib",
        "type": "github"
      }
    },
    "nixpkgs_2": {
      "locked": {
        "lastModified": 1787135253,
        "narHash": "sha256-M5/r2v++FjVhdsxXYMb4BDJ5YLAdCWFt3aZotcshocA=",
        "rev": "ffb3c9b700e759be2ef13237c9d8f953b32a1e46",
        "type": "tarball",
        "url": "https://releases.nixos.org/nixos/unstable/nixos-26.11pre1058091.ffb3c9b700e7/nixexprs.tar.xz"
      },
      "original": {
        "type": "tarball",
        "url": "https://channels.nixos.org/nixos-unstable/nixexprs.tar.xz"
      }
    },
    "root": {
      "inputs": {
        "gen-graph": "gen-graph",
        "gen-harness": "gen-harness",
        "gen-prelude": "gen-prelude",
        "gen-scope": "gen-scope",
        "nixpkgs": "nixpkgs_2"
      }
    },
    "treefmt-nix": {
      "inputs": {
        "nixpkgs": [
          "gen-harness",
          "nix-unit",
          "nixpkgs"
        ]
      },
      "locked": {
        "lastModified": 1784369104,
        "narHash": "sha256-47cxbcZODibHv3rELFQ9vZly0vUNkND/atn/U7HLeb0=",
        "owner": "numtide",
        "repo": "treefmt-nix",
        "rev": "df3c0640565d04a0261253cdd89fce78ec50168a",
        "type": "github"
      },
      "original": {
        "owner": "numtide",
        "repo": "treefmt-nix",
        "type": "github"
      }
    },
    "treefmt-nix_2": {
      "inputs": {
        "nixpkgs": [
          "gen-harness",
          "nixpkgs"
        ]
      },
      "locked": {
        "lastModified": 1785945821,
        "narHash": "sha256-NLSyTCW4K4ofhNBllt3omPasm6QpralXH1DBZOc91Dw=",
        "owner": "numtide",
        "repo": "treefmt-nix",
        "rev": "ae7910970dddc408fe6ab1c8e4b277bb21d72dc0",
        "type": "github"
      },
      "original": {
        "owner": "numtide",
        "repo": "treefmt-nix",
        "type": "github"
      }
    }
  },
  "root": "root",
  "version": 7
}
